// !$*UTF8*$!
{
	archiveVersion = 1;
	classes = {
	};
	objectVersion = 77;
	objects = {

/* Begin PBXBuildFile section */
		0520A5F1A16409B5EDD7B003 /* MapResultsView.swift in Sources */ = {isa = PBXBuildFile; fileRef = ACFF6FF6AFF4A2D1729699C2 /* MapResultsView.swift */; };
		07C22BCCE603D9800EE7EE13 /* Components.swift in Sources */ = {isa = PBXBuildFile; fileRef = DCFB5318551DD17B54EE6524 /* Components.swift */; };
		0F1D27EEB4666DE3CC60230B /* SearchEngine.swift in Sources */ = {isa = PBXBuildFile; fileRef = 1F485D02A5570CFBB0B8EDA8 /* SearchEngine.swift */; };
		1488C890724AD279E0177491 /* RootView.swift in Sources */ = {isa = PBXBuildFile; fileRef = DB6A940EC2510A1E63699B6A /* RootView.swift */; };
		17B1E6D55E507C00DC25FB0E /* ImageService.swift in Sources */ = {isa = PBXBuildFile; fileRef = EA50D389BB3AB7B341BD720D /* ImageService.swift */; };
		1B0A6E98D9106FCDFD97D973 /* fmr.json in Resources */ = {isa = PBXBuildFile; fileRef = BE5021FFFE6C939F06530FD2 /* fmr.json */; };
		216D8003A64546DC1DED920D /* Theme.swift in Sources */ = {isa = PBXBuildFile; fileRef = 96A59BAA0D560AEC7D0E1BF8 /* Theme.swift */; };
		239814C37ED0E60FC84485B9 /* FindACribUITests.swift in Sources */ = {isa = PBXBuildFile; fileRef = 01F62B1CE3CCF2DAD07279F9 /* FindACribUITests.swift */; };
		2B4DF01382763EDD8546E20A /* Building.swift in Sources */ = {isa = PBXBuildFile; fileRef = 5A8CDE81BD0E7DDBEBBC1042 /* Building.swift */; };
		2EF088CAB2039D21D89C7A35 /* FindACribApp.swift in Sources */ = {isa = PBXBuildFile; fileRef = 704D4F6DFB370ACF11ACF60E /* FindACribApp.swift */; };
		4392AB92BF2A7ADBE5E3A2B9 /* s8.json in Resources */ = {isa = PBXBuildFile; fileRef = C2015DADE5A5CCF0E92E6795 /* s8.json */; };
		4BF1266D9ABC8EA01C9F26AC /* listings.json in Resources */ = {isa = PBXBuildFile; fileRef = E42AA07F206334B8F58225F1 /* listings.json */; };
		55415570A82F92F6EDCC19C8 /* BuildingDetailView.swift in Sources */ = {isa = PBXBuildFile; fileRef = BA7425E377576FE3E5C2B47B /* BuildingDetailView.swift */; };
		57861D606FFBA7F23A414A91 /* BuildingCard.swift in Sources */ = {isa = PBXBuildFile; fileRef = C86217F159AB095139ABEE8D /* BuildingCard.swift */; };
		64498DC63C55C20134BBB5DE /* ProfileView.swift in Sources */ = {isa = PBXBuildFile; fileRef = 44FBB961CA3E35950616322D /* ProfileView.swift */; };
		68768EA92CC0D2364159A378 /* SourceSans3-Semibold.ttf in Resources */ = {isa = PBXBuildFile; fileRef = 29346FF1C5BB5747E8F6660B /* SourceSans3-Semibold.ttf */; };
		71EC779912AE74BE0D6EA8D8 /* FiltersSheet.swift in Sources */ = {isa = PBXBuildFile; fileRef = EFD73F478D420E114F0C82CB /* FiltersSheet.swift */; };
		77119B1CD94A4E7C0C3B77D4 /* MyActivityView.swift in Sources */ = {isa = PBXBuildFile; fileRef = 67EAA0737B2B2E5474B5BE9D /* MyActivityView.swift */; };
		7AFD10F6B321EADAB58210EA /* SearchQuery.swift in Sources */ = {isa = PBXBuildFile; fileRef = 3C5230FE7E960A89326516B1 /* SearchQuery.swift */; };
		975FC0D78B115A6A80887B03 /* buildings.slim.json.gz in Resources */ = {isa = PBXBuildFile; fileRef = 7AB083E634E08974E9E2C973 /* buildings.slim.json.gz */; };
		A9D531537DD9B5581365FBFB /* Assets.xcassets in Resources */ = {isa = PBXBuildFile; fileRef = CCFBDF3CE45EAFE74FADE6C4 /* Assets.xcassets */; };
		B111E02FFA19C4DE7A92BCBB /* Gunzip.swift in Sources */ = {isa = PBXBuildFile; fileRef = 9F650FE59DC17EC3E4DC6591 /* Gunzip.swift */; };
		B8568A5D36520E6A5FCCC98A /* SourceSans3-Bold.ttf in Resources */ = {isa = PBXBuildFile; fileRef = DBADFE6B0EF45D112E3C4837 /* SourceSans3-Bold.ttf */; };
		B9832014BFBAE12D564BE84D /* FindACribTests.swift in Sources */ = {isa = PBXBuildFile; fileRef = 98EA9658998D86C1B18B3B70 /* FindACribTests.swift */; };
		B9A374F440D085EA1D5F9E4D /* SourceSans3-Regular.ttf in Resources */ = {isa = PBXBuildFile; fileRef = 1016C836BC07645D2229A1AA /* SourceSans3-Regular.ttf */; };
		D06140B2770579898ABA0FFB /* LocationPickerView.swift in Sources */ = {isa = PBXBuildFile; fileRef = 3C345F6E17169EEB81A7265B /* LocationPickerView.swift */; };
		DE9AB6F87BE8AB6E7F23F0E2 /* Activity.swift in Sources */ = {isa = PBXBuildFile; fileRef = B5D0DBDC03E8D5A23A679DA7 /* Activity.swift */; };
		EE8FB6404DECF616C6331A7C /* ResultsView.swift in Sources */ = {isa = PBXBuildFile; fileRef = 2BF31F5CBC53724752881713 /* ResultsView.swift */; };
		F352BA38267B7AE6FEB41498 /* SearchHomeView.swift in Sources */ = {isa = PBXBuildFile; fileRef = 7E81DF56B127517559D83AFC /* SearchHomeView.swift */; };
		F7BB0C6F38114DBBBAD8DF51 /* SourceSans3-Black.ttf in Resources */ = {isa = PBXBuildFile; fileRef = 5F0A512AC04B8BF2FA246DAF /* SourceSans3-Black.ttf */; };
		FF9A0CEB29AD7474B6983303 /* DataStore.swift in Sources */ = {isa = PBXBuildFile; fileRef = 3ED34FDA9213D6B7F0195FB7 /* DataStore.swift */; };
/* End PBXBuildFile section */

/* Begin PBXContainerItemProxy section */
		3F254CEA7181FD4BBC47A9BA /* PBXContainerItemProxy */ = {
			isa = PBXContainerItemProxy;
			containerPortal = A0EAE64E66C14CAD78FF5508 /* Project object */;
			proxyType = 1;
			remoteGlobalIDString = B09C50A9CCFC6854044E3605;
			remoteInfo = FindACrib;
		};
		421084FC69ABC3C534184F67 /* PBXContainerItemProxy */ = {
			isa = PBXContainerItemProxy;
			containerPortal = A0EAE64E66C14CAD78FF5508 /* Project object */;
			proxyType = 1;
			remoteGlobalIDString = B09C50A9CCFC6854044E3605;
			remoteInfo = FindACrib;
		};
/* End PBXContainerItemProxy section */

/* Begin PBXFileReference section */
		01F62B1CE3CCF2DAD07279F9 /* FindACribUITests.swift */ = {isa = PBXFileReference; lastKnownFileType = sourcecode.swift; path = FindACribUITests.swift; sourceTree = "<group>"; };
		1016C836BC07645D2229A1AA /* SourceSans3-Regular.ttf */ = {isa = PBXFileReference; lastKnownFileType = file; path = "SourceSans3-Regular.ttf"; sourceTree = "<group>"; };
		1F485D02A5570CFBB0B8EDA8 /* SearchEngine.swift */ = {isa = PBXFileReference; lastKnownFileType = sourcecode.swift; path = SearchEngine.swift; sourceTree = "<group>"; };
		29346FF1C5BB5747E8F6660B /* SourceSans3-Semibold.ttf */ = {isa = PBXFileReference; lastKnownFileType = file; path = "SourceSans3-Semibold.ttf"; sourceTree = "<group>"; };
		2BF31F5CBC53724752881713 /* ResultsView.swift */ = {isa = PBXFileReference; lastKnownFileType = sourcecode.swift; path = ResultsView.swift; sourceTree = "<group>"; };
		3C345F6E17169EEB81A7265B /* LocationPickerView.swift */ = {isa = PBXFileReference; lastKnownFileType = sourcecode.swift; path = LocationPickerView.swift; sourceTree = "<group>"; };
		3C5230FE7E960A89326516B1 /* SearchQuery.swift */ = {isa = PBXFileReference; lastKnownFileType = sourcecode.swift; path = SearchQuery.swift; sourceTree = "<group>"; };
		3ED34FDA9213D6B7F0195FB7 /* DataStore.swift */ = {isa = PBXFileReference; lastKnownFileType = sourcecode.swift; path = DataStore.swift; sourceTree = "<group>"; };
		44FBB961CA3E35950616322D /* ProfileView.swift */ = {isa = PBXFileReference; lastKnownFileType = sourcecode.swift; path = ProfileView.swift; sourceTree = "<group>"; };
		5A8CDE81BD0E7DDBEBBC1042 /* Building.swift */ = {isa = PBXFileReference; lastKnownFileType = sourcecode.swift; path = Building.swift; sourceTree = "<group>"; };
		5F0A512AC04B8BF2FA246DAF /* SourceSans3-Black.ttf */ = {isa = PBXFileReference; lastKnownFileType = file; path = "SourceSans3-Black.ttf"; sourceTree = "<group>"; };
		67EAA0737B2B2E5474B5BE9D /* MyActivityView.swift */ = {isa = PBXFileReference; lastKnownFileType = sourcecode.swift; path = MyActivityView.swift; sourceTree = "<group>"; };
		704D4F6DFB370ACF11ACF60E /* FindACribApp.swift */ = {isa = PBXFileReference; lastKnownFileType = sourcecode.swift; path = FindACribApp.swift; sourceTree = "<group>"; };
		71591CE242BD5799D49A3AFC /* FindACribTests.xctest */ = {isa = PBXFileReference; includeInIndex = 0; lastKnownFileType = wrapper.cfbundle; path = FindACribTests.xctest; sourceTree = BUILT_PRODUCTS_DIR; };
		7AB083E634E08974E9E2C973 /* buildings.slim.json.gz */ = {isa = PBXFileReference; lastKnownFileType = archive.gzip; path = buildings.slim.json.gz; sourceTree = "<group>"; };
		7E81DF56B127517559D83AFC /* SearchHomeView.swift */ = {isa = PBXFileReference; lastKnownFileType = sourcecode.swift; path = SearchHomeView.swift; sourceTree = "<group>"; };
		83E8C07CA8826533BBFF4570 /* FindACribUITests.xctest */ = {isa = PBXFileReference; includeInIndex = 0; lastKnownFileType = wrapper.cfbundle; path = FindACribUITests.xctest; sourceTree = BUILT_PRODUCTS_DIR; };
		96A59BAA0D560AEC7D0E1BF8 /* Theme.swift */ = {isa = PBXFileReference; lastKnownFileType = sourcecode.swift; path = Theme.swift; sourceTree = "<group>"; };
		98EA9658998D86C1B18B3B70 /* FindACribTests.swift */ = {isa = PBXFileReference; lastKnownFileType = sourcecode.swift; path = FindACribTests.swift; sourceTree = "<group>"; };
		9F650FE59DC17EC3E4DC6591 /* Gunzip.swift */ = {isa = PBXFileReference; lastKnownFileType = sourcecode.swift; path = Gunzip.swift; sourceTree = "<group>"; };
		ACFF6FF6AFF4A2D1729699C2 /* MapResultsView.swift */ = {isa = PBXFileReference; lastKnownFileType = sourcecode.swift; path = MapResultsView.swift; sourceTree = "<group>"; };
		B5D0DBDC03E8D5A23A679DA7 /* Activity.swift */ = {isa = PBXFileReference; lastKnownFileType = sourcecode.swift; path = Activity.swift; sourceTree = "<group>"; };
		BA7425E377576FE3E5C2B47B /* BuildingDetailView.swift */ = {isa = PBXFileReference; lastKnownFileType = sourcecode.swift; path = BuildingDetailView.swift; sourceTree = "<group>"; };
		BE5021FFFE6C939F06530FD2 /* fmr.json */ = {isa = PBXFileReference; lastKnownFileType = text.json; path = fmr.json; sourceTree = "<group>"; };
		C2015DADE5A5CCF0E92E6795 /* s8.json */ = {isa = PBXFileReference; lastKnownFileType = text.json; path = s8.json; sourceTree = "<group>"; };
		C86217F159AB095139ABEE8D /* BuildingCard.swift */ = {isa = PBXFileReference; lastKnownFileType = sourcecode.swift; path = BuildingCard.swift; sourceTree = "<group>"; };
		CCFBDF3CE45EAFE74FADE6C4 /* Assets.xcassets */ = {isa = PBXFileReference; lastKnownFileType = folder.assetcatalog; path = Assets.xcassets; sourceTree = "<group>"; };
		D0C85E5EC62AB0B5085C0F92 /* Info.plist */ = {isa = PBXFileReference; lastKnownFileType = text.plist; path = Info.plist; sourceTree = "<group>"; };
		DB6A940EC2510A1E63699B6A /* RootView.swift */ = {isa = PBXFileReference; lastKnownFileType = sourcecode.swift; path = RootView.swift; sourceTree = "<group>"; };
		DBADFE6B0EF45D112E3C4837 /* SourceSans3-Bold.ttf */ = {isa = PBXFileReference; lastKnownFileType = file; path = "SourceSans3-Bold.ttf"; sourceTree = "<group>"; };
		DCFB5318551DD17B54EE6524 /* Components.swift */ = {isa = PBXFileReference; lastKnownFileType = sourcecode.swift; path = Components.swift; sourceTree = "<group>"; };
		DD42ED9E163BFE8774DB94CC /* FindACrib.app */ = {isa = PBXFileReference; includeInIndex = 0; lastKnownFileType = wrapper.application; path = FindACrib.app; sourceTree = BUILT_PRODUCTS_DIR; };
		E42AA07F206334B8F58225F1 /* listings.json */ = {isa = PBXFileReference; lastKnownFileType = text.json; path = listings.json; sourceTree = "<group>"; };
		EA50D389BB3AB7B341BD720D /* ImageService.swift */ = {isa = PBXFileReference; lastKnownFileType = sourcecode.swift; path = ImageService.swift; sourceTree = "<group>"; };
		EFD73F478D420E114F0C82CB /* FiltersSheet.swift */ = {isa = PBXFileReference; lastKnownFileType = sourcecode.swift; path = FiltersSheet.swift; sourceTree = "<group>"; };
/* End PBXFileReference section */

/* Begin PBXGroup section */
		1042DBFBB7FCF6B65968633B /* Services */ = {
			isa = PBXGroup;
			children = (
				B5D0DBDC03E8D5A23A679DA7 /* Activity.swift */,
				EA50D389BB3AB7B341BD720D /* ImageService.swift */,
			);
			path = Services;
			sourceTree = "<group>";
		};
		18653997867075FD56A75CEC /* Products */ = {
			isa = PBXGroup;
			children = (
				DD42ED9E163BFE8774DB94CC /* FindACrib.app */,
				71591CE242BD5799D49A3AFC /* FindACribTests.xctest */,
				83E8C07CA8826533BBFF4570 /* FindACribUITests.xctest */,
			);
			name = Products;
			sourceTree = "<group>";
		};
		2F551E4E9177F04A09E43DBA /* Results */ = {
			isa = PBXGroup;
			children = (
				C86217F159AB095139ABEE8D /* BuildingCard.swift */,
				EFD73F478D420E114F0C82CB /* FiltersSheet.swift */,
				ACFF6FF6AFF4A2D1729699C2 /* MapResultsView.swift */,
				2BF31F5CBC53724752881713 /* ResultsView.swift */,
			);
			path = Results;
			sourceTree = "<group>";
		};
		4DA516B53A1D09DAEA2077E4 /* FindACribTests */ = {
			isa = PBXGroup;
			children = (
				98EA9658998D86C1B18B3B70 /* FindACribTests.swift */,
			);
			path = FindACribTests;
			sourceTree = "<group>";
		};
		5608F655CB98BCE67FCDB8BC /* FindACribUITests */ = {
			isa = PBXGroup;
			children = (
				01F62B1CE3CCF2DAD07279F9 /* FindACribUITests.swift */,
			);
			path = FindACribUITests;
			sourceTree = "<group>";
		};
		565B806ED4B1FD68D0DAA66E /* Features */ = {
			isa = PBXGroup;
			children = (
				D4CDADC2919F77D5FCB30F7E /* Activity */,
				D2EDE12F9280FF1B369D7D27 /* Detail */,
				664897D1C52D9592240A67E7 /* Profile */,
				2F551E4E9177F04A09E43DBA /* Results */,
				AF1D3552858B34257CB7534D /* Search */,
			);
			path = Features;
			sourceTree = "<group>";
		};
		664897D1C52D9592240A67E7 /* Profile */ = {
			isa = PBXGroup;
			children = (
				44FBB961CA3E35950616322D /* ProfileView.swift */,
			);
			path = Profile;
			sourceTree = "<group>";
		};
		6F6AA153FCD0C335DD73A201 /* Data */ = {
			isa = PBXGroup;
			children = (
				3ED34FDA9213D6B7F0195FB7 /* DataStore.swift */,
				9F650FE59DC17EC3E4DC6591 /* Gunzip.swift */,
				1F485D02A5570CFBB0B8EDA8 /* SearchEngine.swift */,
			);
			path = Data;
			sourceTree = "<group>";
		};
		78F6E74D6A70B2BF9BBD65D9 /* Fonts */ = {
			isa = PBXGroup;
			children = (
				5F0A512AC04B8BF2FA246DAF /* SourceSans3-Black.ttf */,
				DBADFE6B0EF45D112E3C4837 /* SourceSans3-Bold.ttf */,
				1016C836BC07645D2229A1AA /* SourceSans3-Regular.ttf */,
				29346FF1C5BB5747E8F6660B /* SourceSans3-Semibold.ttf */,
			);
			path = Fonts;
			sourceTree = "<group>";
		};
		7DA60060522384414369BCE2 /* App */ = {
			isa = PBXGroup;
			children = (
				704D4F6DFB370ACF11ACF60E /* FindACribApp.swift */,
				DB6A940EC2510A1E63699B6A /* RootView.swift */,
			);
			path = App;
			sourceTree = "<group>";
		};
		A39A08080E97EB22B0071B79 /* FindACrib */ = {
			isa = PBXGroup;
			children = (
				D0C85E5EC62AB0B5085C0F92 /* Info.plist */,
				7DA60060522384414369BCE2 /* App */,
				6F6AA153FCD0C335DD73A201 /* Data */,
				AAF3B8F7B2884718871E1EF3 /* Design */,
				565B806ED4B1FD68D0DAA66E /* Features */,
				EDD5D105FAE557F7C5667989 /* Models */,
				C0D0D47EF328F01D21420A4C /* Resources */,
				1042DBFBB7FCF6B65968633B /* Services */,
			);
			path = FindACrib;
			sourceTree = "<group>";
		};
		A5648B362033743BB02C0471 /* Data */ = {
			isa = PBXGroup;
			children = (
				7AB083E634E08974E9E2C973 /* buildings.slim.json.gz */,
				BE5021FFFE6C939F06530FD2 /* fmr.json */,
				E42AA07F206334B8F58225F1 /* listings.json */,
				C2015DADE5A5CCF0E92E6795 /* s8.json */,
			);
			path = Data;
			sourceTree = "<group>";
		};
		AAF3B8F7B2884718871E1EF3 /* Design */ = {
			isa = PBXGroup;
			children = (
				DCFB5318551DD17B54EE6524 /* Components.swift */,
				96A59BAA0D560AEC7D0E1BF8 /* Theme.swift */,
			);
			path = Design;
			sourceTree = "<group>";
		};
		AF1D3552858B34257CB7534D /* Search */ = {
			isa = PBXGroup;
			children = (
				3C345F6E17169EEB81A7265B /* LocationPickerView.swift */,
				7E81DF56B127517559D83AFC /* SearchHomeView.swift */,
			);
			path = Search;
			sourceTree = "<group>";
		};
		B056C6FD783177BD9A593E7A = {
			isa = PBXGroup;
			children = (
				A39A08080E97EB22B0071B79 /* FindACrib */,
				4DA516B53A1D09DAEA2077E4 /* FindACribTests */,
				5608F655CB98BCE67FCDB8BC /* FindACribUITests */,
				18653997867075FD56A75CEC /* Products */,
			);
			sourceTree = "<group>";
		};
		C0D0D47EF328F01D21420A4C /* Resources */ = {
			isa = PBXGroup;
			children = (
				CCFBDF3CE45EAFE74FADE6C4 /* Assets.xcassets */,
				A5648B362033743BB02C0471 /* Data */,
				78F6E74D6A70B2BF9BBD65D9 /* Fonts */,
			);
			path = Resources;
			sourceTree = "<group>";
		};
		D2EDE12F9280FF1B369D7D27 /* Detail */ = {
			isa = PBXGroup;
			children = (
				BA7425E377576FE3E5C2B47B /* BuildingDetailView.swift */,
			);
			path = Detail;
			sourceTree = "<group>";
		};
		D4CDADC2919F77D5FCB30F7E /* Activity */ = {
			isa = PBXGroup;
			children = (
				67EAA0737B2B2E5474B5BE9D /* MyActivityView.swift */,
			);
			path = Activity;
			sourceTree = "<group>";
		};
		EDD5D105FAE557F7C5667989 /* Models */ = {
			isa = PBXGroup;
			children = (
				5A8CDE81BD0E7DDBEBBC1042 /* Building.swift */,
				3C5230FE7E960A89326516B1 /* SearchQuery.swift */,
			);
			path = Models;
			sourceTree = "<group>";
		};
/* End PBXGroup section */

/* Begin PBXNativeTarget section */
		2CD129A2474730D547AB9E14 /* FindACribTests */ = {
			isa = PBXNativeTarget;
			buildConfigurationList = DD8D6BAED20DF041E370A3F0 /* Build configuration list for PBXNativeTarget "FindACribTests" */;
			buildPhases = (
				74AC4E7145563A24F6CA4070 /* Sources */,
			);
			buildRules = (
			);
			dependencies = (
				10BEF021457996B19FD78DCC /* PBXTargetDependency */,
			);
			name = FindACribTests;
			packageProductDependencies = (
			);
			productName = FindACribTests;
			productReference = 71591CE242BD5799D49A3AFC /* FindACribTests.xctest */;
			productType = "com.apple.product-type.bundle.unit-test";
		};
		B09C50A9CCFC6854044E3605 /* FindACrib */ = {
			isa = PBXNativeTarget;
			buildConfigurationList = 5FF1F5C97AD8D5F22DFA10EC /* Build configuration list for PBXNativeTarget "FindACrib" */;
			buildPhases = (
				25E4B462F5ADB4E3E7A0A278 /* Sources */,
				76A15AE77995FD23A454224E /* Resources */,
			);
			buildRules = (
			);
			dependencies = (
			);
			name = FindACrib;
			packageProductDependencies = (
			);
			productName = FindACrib;
			productReference = DD42ED9E163BFE8774DB94CC /* FindACrib.app */;
			productType = "com.apple.product-type.application";
		};
		F8A743924FA840D926EA9645 /* FindACribUITests */ = {
			isa = PBXNativeTarget;
			buildConfigurationList = 00D00DC7AB82FABCFB41079E /* Build configuration list for PBXNativeTarget "FindACribUITests" */;
			buildPhases = (
				903157F7FE3C443D3AA9E1E5 /* Sources */,
			);
			buildRules = (
			);
			dependencies = (
				6ABD0282744E91659D5359A7 /* PBXTargetDependency */,
			);
			name = FindACribUITests;
			packageProductDependencies = (
			);
			productName = FindACribUITests;
			productReference = 83E8C07CA8826533BBFF4570 /* FindACribUITests.xctest */;
			productType = "com.apple.product-type.bundle.ui-testing";
		};
/* End PBXNativeTarget section */

/* Begin PBXProject section */
		A0EAE64E66C14CAD78FF5508 /* Project object */ = {
			isa = PBXProject;
			attributes = {
				BuildIndependentTargetsInParallel = YES;
				LastUpgradeCheck = 1430;
				TargetAttributes = {
					B09C50A9CCFC6854044E3605 = {
						DevelopmentTeam = CG89RY4W6R;
						ProvisioningStyle = Automatic;
					};
					F8A743924FA840D926EA9645 = {
						TestTargetID = B09C50A9CCFC6854044E3605;
					};
				};
			};
			buildConfigurationList = B4AAE8C29D2F200F25B2D7A6 /* Build configuration list for PBXProject "FindACrib" */;
			developmentRegion = en;
			hasScannedForEncodings = 0;
			knownRegions = (
				Base,
				en,
			);
			mainGroup = B056C6FD783177BD9A593E7A;
			minimizedProjectReferenceProxies = 1;
			preferredProjectObjectVersion = 77;
			productRefGroup = 18653997867075FD56A75CEC /* Products */;
			projectDirPath = "";
			projectRoot = "";
			targets = (
				B09C50A9CCFC6854044E3605 /* FindACrib */,
				2CD129A2474730D547AB9E14 /* FindACribTests */,
				F8A743924FA840D926EA9645 /* FindACribUITests */,
			);
		};
/* End PBXProject section */

/* Begin PBXResourcesBuildPhase section */
		76A15AE77995FD23A454224E /* Resources */ = {
			isa = PBXResourcesBuildPhase;
			buildActionMask = 2147483647;
			files = (
				A9D531537DD9B5581365FBFB /* Assets.xcassets in Resources */,
				F7BB0C6F38114DBBBAD8DF51 /* SourceSans3-Black.ttf in Resources */,
				B8568A5D36520E6A5FCCC98A /* SourceSans3-Bold.ttf in Resources */,
				B9A374F440D085EA1D5F9E4D /* SourceSans3-Regular.ttf in Resources */,
				68768EA92CC0D2364159A378 /* SourceSans3-Semibold.ttf in Resources */,
				975FC0D78B115A6A80887B03 /* buildings.slim.json.gz in Resources */,
				1B0A6E98D9106FCDFD97D973 /* fmr.json in Resources */,
				4BF1266D9ABC8EA01C9F26AC /* listings.json in Resources */,
				4392AB92BF2A7ADBE5E3A2B9 /* s8.json in Resources */,
			);
			runOnlyForDeploymentPostprocessing = 0;
		};
/* End PBXResourcesBuildPhase section */

/* Begin PBXSourcesBuildPhase section */
		25E4B462F5ADB4E3E7A0A278 /* Sources */ = {
			isa = PBXSourcesBuildPhase;
			buildActionMask = 2147483647;
			files = (
				DE9AB6F87BE8AB6E7F23F0E2 /* Activity.swift in Sources */,
				2B4DF01382763EDD8546E20A /* Building.swift in Sources */,
				57861D606FFBA7F23A414A91 /* BuildingCard.swift in Sources */,
				55415570A82F92F6EDCC19C8 /* BuildingDetailView.swift in Sources */,
				07C22BCCE603D9800EE7EE13 /* Components.swift in Sources */,
				FF9A0CEB29AD7474B6983303 /* DataStore.swift in Sources */,
				71EC779912AE74BE0D6EA8D8 /* FiltersSheet.swift in Sources */,
				2EF088CAB2039D21D89C7A35 /* FindACribApp.swift in Sources */,
				B111E02FFA19C4DE7A92BCBB /* Gunzip.swift in Sources */,
				17B1E6D55E507C00DC25FB0E /* ImageService.swift in Sources */,
				D06140B2770579898ABA0FFB /* LocationPickerView.swift in Sources */,
				0520A5F1A16409B5EDD7B003 /* MapResultsView.swift in Sources */,
				77119B1CD94A4E7C0C3B77D4 /* MyActivityView.swift in Sources */,
				64498DC63C55C20134BBB5DE /* ProfileView.swift in Sources */,
				EE8FB6404DECF616C6331A7C /* ResultsView.swift in Sources */,
				1488C890724AD279E0177491 /* RootView.swift in Sources */,
				0F1D27EEB4666DE3CC60230B /* SearchEngine.swift in Sources */,
				F352BA38267B7AE6FEB41498 /* SearchHomeView.swift in Sources */,
				7AFD10F6B321EADAB58210EA /* SearchQuery.swift in Sources */,
				216D8003A64546DC1DED920D /* Theme.swift in Sources */,
			);
			runOnlyForDeploymentPostprocessing = 0;
		};
		74AC4E7145563A24F6CA4070 /* Sources */ = {
			isa = PBXSourcesBuildPhase;
			buildActionMask = 2147483647;
			files = (
				B9832014BFBAE12D564BE84D /* FindACribTests.swift in Sources */,
			);
			runOnlyForDeploymentPostprocessing = 0;
		};
		903157F7FE3C443D3AA9E1E5 /* Sources */ = {
			isa = PBXSourcesBuildPhase;
			buildActionMask = 2147483647;
			files = (
				239814C37ED0E60FC84485B9 /* FindACribUITests.swift in Sources */,
			);
			runOnlyForDeploymentPostprocessing = 0;
		};
/* End PBXSourcesBuildPhase section */

/* Begin PBXTargetDependency section */
		10BEF021457996B19FD78DCC /* PBXTargetDependency */ = {
			isa = PBXTargetDependency;
			target = B09C50A9CCFC6854044E3605 /* FindACrib */;
			targetProxy = 3F254CEA7181FD4BBC47A9BA /* PBXContainerItemProxy */;
		};
		6ABD0282744E91659D5359A7 /* PBXTargetDependency */ = {
			isa = PBXTargetDependency;
			target = B09C50A9CCFC6854044E3605 /* FindACrib */;
			targetProxy = 421084FC69ABC3C534184F67 /* PBXContainerItemProxy */;
		};
/* End PBXTargetDependency section */

/* Begin XCBuildConfiguration section */
		08DDCA61CDE278FDC5DD2425 /* Debug */ = {
			isa = XCBuildConfiguration;
			buildSettings = {
				BUNDLE_LOADER = "$(TEST_HOST)";
				GENERATE_INFOPLIST_FILE = YES;
				LD_RUNPATH_SEARCH_PATHS = (
					"$(inherited)",
					"@executable_path/Frameworks",
					"@loader_path/Frameworks",
				);
				PRODUCT_BUNDLE_IDENTIFIER = com.divinedavis.findacrib.uitests;
				SDKROOT = iphoneos;
				TARGETED_DEVICE_FAMILY = "1,2";
				TEST_TARGET_NAME = FindACrib;
			};
			name = Debug;
		};
		2496FA06854182DCE119939E /* Release */ = {
			isa = XCBuildConfiguration;
			buildSettings = {
				BUNDLE_LOADER = "$(TEST_HOST)";
				GENERATE_INFOPLIST_FILE = YES;
				LD_RUNPATH_SEARCH_PATHS = (
					"$(inherited)",
					"@executable_path/Frameworks",
					"@loader_path/Frameworks",
				);
				PRODUCT_BUNDLE_IDENTIFIER = com.divinedavis.findacrib.uitests;
				SDKROOT = iphoneos;
				TARGETED_DEVICE_FAMILY = "1,2";
				TEST_TARGET_NAME = FindACrib;
			};
			name = Release;
		};
		2E49CB5F33560D0FFEF24BB1 /* Debug */ = {
			isa = XCBuildConfiguration;
			buildSettings = {
				ALWAYS_SEARCH_USER_PATHS = NO;
				CLANG_ANALYZER_NONNULL = YES;
				CLANG_ANALYZER_NUMBER_OBJECT_CONVERSION = YES_AGGRESSIVE;
				CLANG_CXX_LANGUAGE_STANDARD = "gnu++14";
				CLANG_CXX_LIBRARY = "libc++";
				CLANG_ENABLE_MODULES = YES;
				CLANG_ENABLE_OBJC_ARC = YES;
				CLANG_ENABLE_OBJC_WEAK = YES;
				CLANG_WARN_BLOCK_CAPTURE_AUTORELEASING = YES;
				CLANG_WARN_BOOL_CONVERSION = YES;
				CLANG_WARN_COMMA = YES;
				CLANG_WARN_CONSTANT_CONVERSION = YES;
				CLANG_WARN_DEPRECATED_OBJC_IMPLEMENTATIONS = YES;
				CLANG_WARN_DIRECT_OBJC_ISA_USAGE = YES_ERROR;
				CLANG_WARN_DOCUMENTATION_COMMENTS = YES;
				CLANG_WARN_EMPTY_BODY = YES;
				CLANG_WARN_ENUM_CONVERSION = YES;
				CLANG_WARN_INFINITE_RECURSION = YES;
				CLANG_WARN_INT_CONVERSION = YES;
				CLANG_WARN_NON_LITERAL_NULL_CONVERSION = YES;
				CLANG_WARN_OBJC_IMPLICIT_RETAIN_SELF = YES;
				CLANG_WARN_OBJC_LITERAL_CONVERSION = YES;
				CLANG_WARN_OBJC_ROOT_CLASS = YES_ERROR;
				CLANG_WARN_QUOTED_INCLUDE_IN_FRAMEWORK_HEADER = YES;
				CLANG_WARN_RANGE_LOOP_ANALYSIS = YES;
				CLANG_WARN_STRICT_PROTOTYPES = YES;
				CLANG_WARN_SUSPICIOUS_MOVE = YES;
				CLANG_WARN_UNGUARDED_AVAILABILITY = YES_AGGRESSIVE;
				CLANG_WARN_UNREACHABLE_CODE = YES;
				CLANG_WARN__DUPLICATE_METHOD_MATCH = YES;
				COPY_PHASE_STRIP = NO;
				CURRENT_PROJECT_VERSION = 1;
				DEBUG_INFORMATION_FORMAT = dwarf;
				ENABLE_STRICT_OBJC_MSGSEND = YES;
				ENABLE_TESTABILITY = YES;
				ENABLE_USER_SCRIPT_SANDBOXING = NO;
				GCC_C_LANGUAGE_STANDARD = gnu11;
				GCC_DYNAMIC_NO_PIC = NO;
				GCC_NO_COMMON_BLOCKS = YES;
				GCC_OPTIMIZATION_LEVEL = 0;
				GCC_PREPROCESSOR_DEFINITIONS = (
					"$(inherited)",
					"DEBUG=1",
				);
				GCC_WARN_64_TO_32_BIT_CONVERSION = YES;
				GCC_WARN_ABOUT_RETURN_TYPE = YES_ERROR;
				GCC_WARN_UNDECLARED_SELECTOR = YES;
				GCC_WARN_UNINITIALIZED_AUTOS = YES_AGGRESSIVE;
				GCC_WARN_UNUSED_FUNCTION = YES;
				GCC_WARN_UNUSED_VARIABLE = YES;
				IPHONEOS_DEPLOYMENT_TARGET = 17.0;
				MARKETING_VERSION = 1.0;
				MTL_ENABLE_DEBUG_INFO = INCLUDE_SOURCE;
				MTL_FAST_MATH = YES;
				ONLY_ACTIVE_ARCH = YES;
				PRODUCT_NAME = "$(TARGET_NAME)";
				SDKROOT = iphoneos;
				SWIFT_ACTIVE_COMPILATION_CONDITIONS = DEBUG;
				SWIFT_OPTIMIZATION_LEVEL = "-Onone";
				SWIFT_VERSION = 5.10;
			};
			name = Debug;
		};
		4A043B04EA1D2F1BD0250C61 /* Release */ = {
			isa = XCBuildConfiguration;
			buildSettings = {
				ASSETCATALOG_COMPILER_APPICON_NAME = AppIcon;
				ASSETCATALOG_COMPILER_GLOBAL_ACCENT_COLOR_NAME = AccentColor;
				CODE_SIGN_IDENTITY = "iPhone Developer";
				CODE_SIGN_STYLE = Automatic;
				DEVELOPMENT_TEAM = CG89RY4W6R;
				ENABLE_PREVIEWS = YES;
				GENERATE_INFOPLIST_FILE = NO;
				INFOPLIST_FILE = FindACrib/Info.plist;
				LD_RUNPATH_SEARCH_PATHS = (
					"$(inherited)",
					"@executable_path/Frameworks",
				);
				PRODUCT_BUNDLE_IDENTIFIER = com.divinedavis.findacrib;
				SDKROOT = iphoneos;
				SWIFT_EMIT_LOC_STRINGS = YES;
				TARGETED_DEVICE_FAMILY = 1;
			};
			name = Release;
		};
		4DBB96E4D46102DC316C5BF0 /* Debug */ = {
			isa = XCBuildConfiguration;
			buildSettings = {
				BUNDLE_LOADER = "$(TEST_HOST)";
				GENERATE_INFOPLIST_FILE = YES;
				LD_RUNPATH_SEARCH_PATHS = (
					"$(inherited)",
					"@executable_path/Frameworks",
					"@loader_path/Frameworks",
				);
				PRODUCT_BUNDLE_IDENTIFIER = com.divinedavis.findacrib.tests;
				SDKROOT = iphoneos;
				TARGETED_DEVICE_FAMILY = "1,2";
				TEST_HOST = "$(BUILT_PRODUCTS_DIR)/FindACrib.app/FindACrib";
			};
			name = Debug;
		};
		7B4EAA1664EF270AD8C579E8 /* Debug */ = {
			isa = XCBuildConfiguration;
			buildSettings = {
				ASSETCATALOG_COMPILER_APPICON_NAME = AppIcon;
				ASSETCATALOG_COMPILER_GLOBAL_ACCENT_COLOR_NAME = AccentColor;
				CODE_SIGN_IDENTITY = "iPhone Developer";
				CODE_SIGN_STYLE = Automatic;
				DEVELOPMENT_TEAM = CG89RY4W6R;
				ENABLE_PREVIEWS = YES;
				GENERATE_INFOPLIST_FILE = NO;
				INFOPLIST_FILE = FindACrib/Info.plist;
				LD_RUNPATH_SEARCH_PATHS = (
					"$(inherited)",
					"@executable_path/Frameworks",
				);
				PRODUCT_BUNDLE_IDENTIFIER = com.divinedavis.findacrib;
				SDKROOT = iphoneos;
				SWIFT_EMIT_LOC_STRINGS = YES;
				TARGETED_DEVICE_FAMILY = 1;
			};
			name = Debug;
		};
		95319A936570EF0333958BE3 /* Release */ = {
			isa = XCBuildConfiguration;
			buildSettings = {
				BUNDLE_LOADER = "$(TEST_HOST)";
				GENERATE_INFOPLIST_FILE = YES;
				LD_RUNPATH_SEARCH_PATHS = (
					"$(inherited)",
					"@executable_path/Frameworks",
					"@loader_path/Frameworks",
				);
				PRODUCT_BUNDLE_IDENTIFIER = com.divinedavis.findacrib.tests;
				SDKROOT = iphoneos;
				TARGETED_DEVICE_FAMILY = "1,2";
				TEST_HOST = "$(BUILT_PRODUCTS_DIR)/FindACrib.app/FindACrib";
			};
			name = Release;
		};
		B703BD28BC6700B91D982ACB /* Release */ = {
			isa = XCBuildConfiguration;
			buildSettings = {
				ALWAYS_SEARCH_USER_PATHS = NO;
				CLANG_ANALYZER_NONNULL = YES;
				CLANG_ANALYZER_NUMBER_OBJECT_CONVERSION = YES_AGGRESSIVE;
				CLANG_CXX_LANGUAGE_STANDARD = "gnu++14";
				CLANG_CXX_LIBRARY = "libc++";
				CLANG_ENABLE_MODULES = YES;
				CLANG_ENABLE_OBJC_ARC = YES;
				CLANG_ENABLE_OBJC_WEAK = YES;
				CLANG_WARN_BLOCK_CAPTURE_AUTORELEASING = YES;
				CLANG_WARN_BOOL_CONVERSION = YES;
				CLANG_WARN_COMMA = YES;
				CLANG_WARN_CONSTANT_CONVERSION = YES;
				CLANG_WARN_DEPRECATED_OBJC_IMPLEMENTATIONS = YES;
				CLANG_WARN_DIRECT_OBJC_ISA_USAGE = YES_ERROR;
				CLANG_WARN_DOCUMENTATION_COMMENTS = YES;
				CLANG_WARN_EMPTY_BODY = YES;
				CLANG_WARN_ENUM_CONVERSION = YES;
				CLANG_WARN_INFINITE_RECURSION = YES;
				CLANG_WARN_INT_CONVERSION = YES;
				CLANG_WARN_NON_LITERAL_NULL_CONVERSION = YES;
				CLANG_WARN_OBJC_IMPLICIT_RETAIN_SELF = YES;
				CLANG_WARN_OBJC_LITERAL_CONVERSION = YES;
				CLANG_WARN_OBJC_ROOT_CLASS = YES_ERROR;
				CLANG_WARN_QUOTED_INCLUDE_IN_FRAMEWORK_HEADER = YES;
				CLANG_WARN_RANGE_LOOP_ANALYSIS = YES;
				CLANG_WARN_STRICT_PROTOTYPES = YES;
				CLANG_WARN_SUSPICIOUS_MOVE = YES;
				CLANG_WARN_UNGUARDED_AVAILABILITY = YES_AGGRESSIVE;
				CLANG_WARN_UNREACHABLE_CODE = YES;
				CLANG_WARN__DUPLICATE_METHOD_MATCH = YES;
				COPY_PHASE_STRIP = NO;
				CURRENT_PROJECT_VERSION = 1;
				DEBUG_INFORMATION_FORMAT = "dwarf-with-dsym";
				ENABLE_NS_ASSERTIONS = NO;
				ENABLE_STRICT_OBJC_MSGSEND = YES;
				ENABLE_USER_SCRIPT_SANDBOXING = NO;
				GCC_C_LANGUAGE_STANDARD = gnu11;
				GCC_NO_COMMON_BLOCKS = YES;
				GCC_WARN_64_TO_32_BIT_CONVERSION = YES;
				GCC_WARN_ABOUT_RETURN_TYPE = YES_ERROR;
				GCC_WARN_UNDECLARED_SELECTOR = YES;
				GCC_WARN_UNINITIALIZED_AUTOS = YES_AGGRESSIVE;
				GCC_WARN_UNUSED_FUNCTION = YES;
				GCC_WARN_UNUSED_VARIABLE = YES;
				IPHONEOS_DEPLOYMENT_TARGET = 17.0;
				MARKETING_VERSION = 1.0;
				MTL_ENABLE_DEBUG_INFO = NO;
				MTL_FAST_MATH = YES;
				PRODUCT_NAME = "$(TARGET_NAME)";
				SDKROOT = iphoneos;
				SWIFT_COMPILATION_MODE = wholemodule;
				SWIFT_OPTIMIZATION_LEVEL = "-O";
				SWIFT_VERSION = 5.10;
			};
			name = Release;
		};
/* End XCBuildConfiguration section */

/* Begin XCConfigurationList section */
		00D00DC7AB82FABCFB41079E /* Build configuration list for PBXNativeTarget "FindACribUITests" */ = {
			isa = XCConfigurationList;
			buildConfigurations = (
				08DDCA61CDE278FDC5DD2425 /* Debug */,
				2496FA06854182DCE119939E /* Release */,
			);
			defaultConfigurationIsVisible = 0;
			defaultConfigurationName = Debug;
		};
		5FF1F5C97AD8D5F22DFA10EC /* Build configuration list for PBXNativeTarget "FindACrib" */ = {
			isa = XCConfigurationList;
			buildConfigurations = (
				7B4EAA1664EF270AD8C579E8 /* Debug */,
				4A043B04EA1D2F1BD0250C61 /* Release */,
			);
			defaultConfigurationIsVisible = 0;
			defaultConfigurationName = Debug;
		};
		B4AAE8C29D2F200F25B2D7A6 /* Build configuration list for PBXProject "FindACrib" */ = {
			isa = XCConfigurationList;
			buildConfigurations = (
				2E49CB5F33560D0FFEF24BB1 /* Debug */,
				B703BD28BC6700B91D982ACB /* Release */,
			);
			defaultConfigurationIsVisible = 0;
			defaultConfigurationName = Debug;
		};
		DD8D6BAED20DF041E370A3F0 /* Build configuration list for PBXNativeTarget "FindACribTests" */ = {
			isa = XCConfigurationList;
			buildConfigurations = (
				4DBB96E4D46102DC316C5BF0 /* Debug */,
				95319A936570EF0333958BE3 /* Release */,
			);
			defaultConfigurationIsVisible = 0;
			defaultConfigurationName = Debug;
		};
/* End XCConfigurationList section */
	};
	rootObject = A0EAE64E66C14CAD78FF5508 /* Project object */;
}
